
Microsoft Visual Studio Solution File, Format Version 12.00
# Visual Studio 15
VisualStudioVersion = 15.0.27428.2027
MinimumVisualStudioVersion = 10.0.40219.1
Project("{FAE04EC0-301F-11D3-BF4B-00C04F79EFBC}") = "InteContinu.Biblio", "InteContinu.Biblio\InteContinu.Biblio.csproj", "{941A8603-A5C7-4071-B8B8-02D4F3002108}"
EndProject
Project("{FAE04EC0-301F-11D3-BF4B-00C04F79EFBC}") = "InteContinu.Test", "InteContinu.Test\InteContinu.Test.csproj", "{7F845AFC-52B3-422C-9E59-54293C973C97}"
EndProject
Global
	GlobalSection(SolutionConfigurationPlatforms) = preSolution
		Debug|Any CPU = Debug|Any CPU
		Release|Any CPU = Release|Any CPU
	EndGlobalSection
	GlobalSection(ProjectConfigurationPlatforms) = postSolution
		{941A8603-A5C7-4071-B8B8-02D4F3002108}.Debug|Any CPU.ActiveCfg = Debug|Any CPU
		{941A8603-A5C7-4071-B8B8-02D4F3002108}.Debug|Any CPU.Build.0 = Debug|Any CPU
		{941A8603-A5C7-4071-B8B8-02D4F3002108}.Release|Any CPU.ActiveCfg = Release|Any CPU
		{941A8603-A5C7-4071-B8B8-02D4F3002108}.Release|Any CPU.Build.0 = Release|Any CPU
		{7F845AFC-52B3-422C-9E59-54293C973C97}.Debug|Any CPU.ActiveCfg = Debug|Any CPU
		{7F845AFC-52B3-422C-9E59-54293C973C97}.Debug|Any CPU.Build.0 = Debug|Any CPU
		{7F845AFC-52B3-422C-9E59-54293C973C97}.Release|Any CPU.ActiveCfg = Release|Any CPU
		{7F845AFC-52B3-422C-9E59-54293C973C97}.Release|Any CPU.Build.0 = Release|Any CPU
	EndGlobalSection
	GlobalSection(SolutionProperties) = preSolution
		HideSolutionNode = FALSE
	EndGlobalSection
	GlobalSection(ExtensibilityGlobals) = postSolution
		SolutionGuid = {E1D1215A-322F-47B7-B8E3-E78376C05581}
	EndGlobalSection
EndGlobal
